
Microsoft Visual Studio Solution File, Format Version 11.00
# Visual Studio 2010
Project("{FAE04EC0-301F-11D3-BF4B-00C04F79EFBC}") = "Assembly-CSharp", "Assembly-CSharp.csproj", "{78566fa9-48fc-af1e-2006-adf04e3041e2}"
EndProject
Project("{FAE04EC0-301F-11D3-BF4B-00C04F79EFBC}") = "EditorMigrationScripts", "EditorMigrationScripts.csproj", "{4c6cfdc5-c005-d2b2-c1dd-a339edfe5183}"
EndProject
Global
	GlobalSection(SolutionConfigurationPlatforms) = preSolution
		Debug|Any CPU = Debug|Any CPU
	EndGlobalSection
	GlobalSection(ProjectConfigurationPlatforms) = postSolution
		{78566fa9-48fc-af1e-2006-adf04e3041e2}.Debug|Any CPU.ActiveCfg = Debug|Any CPU
		{78566fa9-48fc-af1e-2006-adf04e3041e2}.Debug|Any CPU.Build.0 = Debug|Any CPU
		{4c6cfdc5-c005-d2b2-c1dd-a339edfe5183}.Debug|Any CPU.ActiveCfg = Debug|Any CPU
		{4c6cfdc5-c005-d2b2-c1dd-a339edfe5183}.Debug|Any CPU.Build.0 = Debug|Any CPU
	EndGlobalSection
	GlobalSection(SolutionProperties) = preSolution
		HideSolutionNode = FALSE
	EndGlobalSection
EndGlobal
